
Microsoft Visual Studio Solution File, Format Version 12.00
# Visual Studio Version 17
VisualStudioVersion = 17.0.31903.59
MinimumVisualStudioVersion = 10.0.40219.1
Project("{2150E333-8FDC-42A3-9474-1A3956D46DE8}") = "src", "src", "{827E0CD3-B72D-47B6-A68D-7590B98EB39B}"
EndProject
Project("{FAE04EC0-301F-11D3-BF4B-00C04F79EFBC}") = "ARCHive.App", "src\ARCHive.App\ARCHive.App.csproj", "{568ADE7E-008F-4971-BED0-E4F21159B517}"
EndProject
Project("{FAE04EC0-301F-11D3-BF4B-00C04F79EFBC}") = "ARCHive.Core", "src\ARCHive.Core\ARCHive.Core.csproj", "{FC2E38EC-667F-4B56-B971-9F43E22C093A}"
EndProject
Project("{FAE04EC0-301F-11D3-BF4B-00C04F79EFBC}") = "ARCHive.Copy", "src\ARCHive.Copy\ARCHive.Copy.csproj", "{C9EC245B-E1F9-49FB-BC1C-5212575D02C5}"
EndProject
Project("{FAE04EC0-301F-11D3-BF4B-00C04F79EFBC}") = "ARCHive.Archive", "src\ARCHive.Archive\ARCHive.Archive.csproj", "{EF5F3A66-0B73-446D-A868-EDFF9E58DDB6}"
EndProject
Project("{FAE04EC0-301F-11D3-BF4B-00C04F79EFBC}") = "ARCHive.Infrastructure", "src\ARCHive.Infrastructure\ARCHive.Infrastructure.csproj", "{85568EA7-EE0F-43DD-AE10-1ED05958557F}"
EndProject
Project("{2150E333-8FDC-42A3-9474-1A3956D46DE8}") = "tests", "tests", "{0AB3BF05-4346-4AA6-1389-037BE0695223}"
EndProject
Project("{FAE04EC0-301F-11D3-BF4B-00C04F79EFBC}") = "ARCHive.UnitTests", "tests\ARCHive.UnitTests\ARCHive.UnitTests.csproj", "{A26C7FF2-7890-4ED3-B035-59F4FF0D027F}"
EndProject
Project("{FAE04EC0-301F-11D3-BF4B-00C04F79EFBC}") = "ARCHive.IntegrationTests", "tests\ARCHive.IntegrationTests\ARCHive.IntegrationTests.csproj", "{23924146-47AC-4193-8EB0-7E8C2D8969E6}"
EndProject
Global
	GlobalSection(SolutionConfigurationPlatforms) = preSolution
		Debug|Any CPU = Debug|Any CPU
		Debug|x64 = Debug|x64
		Debug|x86 = Debug|x86
		Release|Any CPU = Release|Any CPU
		Release|x64 = Release|x64
		Release|x86 = Release|x86
	EndGlobalSection
	GlobalSection(ProjectConfigurationPlatforms) = postSolution
		{568ADE7E-008F-4971-BED0-E4F21159B517}.Debug|Any CPU.ActiveCfg = Debug|Any CPU
		{568ADE7E-008F-4971-BED0-E4F21159B517}.Debug|Any CPU.Build.0 = Debug|Any CPU
		{568ADE7E-008F-4971-BED0-E4F21159B517}.Debug|x64.ActiveCfg = Debug|Any CPU
		{568ADE7E-008F-4971-BED0-E4F21159B517}.Debug|x64.Build.0 = Debug|Any CPU
		{568ADE7E-008F-4971-BED0-E4F21159B517}.Debug|x86.ActiveCfg = Debug|Any CPU
		{568ADE7E-008F-4971-BED0-E4F21159B517}.Debug|x86.Build.0 = Debug|Any CPU
		{568ADE7E-008F-4971-BED0-E4F21159B517}.Release|Any CPU.ActiveCfg = Release|Any CPU
		{568ADE7E-008F-4971-BED0-E4F21159B517}.Release|Any CPU.Build.0 = Release|Any CPU
		{568ADE7E-008F-4971-BED0-E4F21159B517}.Release|x64.ActiveCfg = Release|Any CPU
		{568ADE7E-008F-4971-BED0-E4F21159B517}.Release|x64.Build.0 = Release|Any CPU
		{568ADE7E-008F-4971-BED0-E4F21159B517}.Release|x86.ActiveCfg = Release|Any CPU
		{568ADE7E-008F-4971-BED0-E4F21159B517}.Release|x86.Build.0 = Release|Any CPU
		{FC2E38EC-667F-4B56-B971-9F43E22C093A}.Debug|Any CPU.ActiveCfg = Debug|Any CPU
		{FC2E38EC-667F-4B56-B971-9F43E22C093A}.Debug|Any CPU.Build.0 = Debug|Any CPU
		{FC2E38EC-667F-4B56-B971-9F43E22C093A}.Debug|x64.ActiveCfg = Debug|Any CPU
		{FC2E38EC-667F-4B56-B971-9F43E22C093A}.Debug|x64.Build.0 = Debug|Any CPU
		{FC2E38EC-667F-4B56-B971-9F43E22C093A}.Debug|x86.ActiveCfg = Debug|Any CPU
		{FC2E38EC-667F-4B56-B971-9F43E22C093A}.Debug|x86.Build.0 = Debug|Any CPU
		{FC2E38EC-667F-4B56-B971-9F43E22C093A}.Release|Any CPU.ActiveCfg = Release|Any CPU
		{FC2E38EC-667F-4B56-B971-9F43E22C093A}.Release|Any CPU.Build.0 = Release|Any CPU
		{FC2E38EC-667F-4B56-B971-9F43E22C093A}.Release|x64.ActiveCfg = Release|Any CPU
		{FC2E38EC-667F-4B56-B971-9F43E22C093A}.Release|x64.Build.0 = Release|Any CPU
		{FC2E38EC-667F-4B56-B971-9F43E22C093A}.Release|x86.ActiveCfg = Release|Any CPU
		{FC2E38EC-667F-4B56-B971-9F43E22C093A}.Release|x86.Build.0 = Release|Any CPU
		{C9EC245B-E1F9-49FB-BC1C-5212575D02C5}.Debug|Any CPU.ActiveCfg = Debug|Any CPU
		{C9EC245B-E1F9-49FB-BC1C-5212575D02C5}.Debug|Any CPU.Build.0 = Debug|Any CPU
		{C9EC245B-E1F9-49FB-BC1C-5212575D02C5}.Debug|x64.ActiveCfg = Debug|Any CPU
		{C9EC245B-E1F9-49FB-BC1C-5212575D02C5}.Debug|x64.Build.0 = Debug|Any CPU
		{C9EC245B-E1F9-49FB-BC1C-5212575D02C5}.Debug|x86.ActiveCfg = Debug|Any CPU
		{C9EC245B-E1F9-49FB-BC1C-5212575D02C5}.Debug|x86.Build.0 = Debug|Any CPU
		{C9EC245B-E1F9-49FB-BC1C-5212575D02C5}.Release|Any CPU.ActiveCfg = Release|Any CPU
		{C9EC245B-E1F9-49FB-BC1C-5212575D02C5}.Release|Any CPU.Build.0 = Release|Any CPU
		{C9EC245B-E1F9-49FB-BC1C-5212575D02C5}.Release|x64.ActiveCfg = Release|Any CPU
		{C9EC245B-E1F9-49FB-BC1C-5212575D02C5}.Release|x64.Build.0 = Release|Any CPU
		{C9EC245B-E1F9-49FB-BC1C-5212575D02C5}.Release|x86.ActiveCfg = Release|Any CPU
		{C9EC245B-E1F9-49FB-BC1C-5212575D02C5}.Release|x86.Build.0 = Release|Any CPU
		{EF5F3A66-0B73-446D-A868-EDFF9E58DDB6}.Debug|Any CPU.ActiveCfg = Debug|Any CPU
		{EF5F3A66-0B73-446D-A868-EDFF9E58DDB6}.Debug|Any CPU.Build.0 = Debug|Any CPU
		{EF5F3A66-0B73-446D-A868-EDFF9E58DDB6}.Debug|x64.ActiveCfg = Debug|Any CPU
		{EF5F3A66-0B73-446D-A868-EDFF9E58DDB6}.Debug|x64.Build.0 = Debug|Any CPU
		{EF5F3A66-0B73-446D-A868-EDFF9E58DDB6}.Debug|x86.ActiveCfg = Debug|Any CPU
		{EF5F3A66-0B73-446D-A868-EDFF9E58DDB6}.Debug|x86.Build.0 = Debug|Any CPU
		{EF5F3A66-0B73-446D-A868-EDFF9E58DDB6}.Release|Any CPU.ActiveCfg = Release|Any CPU
		{EF5F3A66-0B73-446D-A868-EDFF9E58DDB6}.Release|Any CPU.Build.0 = Release|Any CPU
		{EF5F3A66-0B73-446D-A868-EDFF9E58DDB6}.Release|x64.ActiveCfg = Release|Any CPU
		{EF5F3A66-0B73-446D-A868-EDFF9E58DDB6}.Release|x64.Build.0 = Release|Any CPU
		{EF5F3A66-0B73-446D-A868-EDFF9E58DDB6}.Release|x86.ActiveCfg = Release|Any CPU
		{EF5F3A66-0B73-446D-A868-EDFF9E58DDB6}.Release|x86.Build.0 = Release|Any CPU
		{85568EA7-EE0F-43DD-AE10-1ED05958557F}.Debug|Any CPU.ActiveCfg = Debug|Any CPU
		{85568EA7-EE0F-43DD-AE10-1ED05958557F}.Debug|Any CPU.Build.0 = Debug|Any CPU
		{85568EA7-EE0F-43DD-AE10-1ED05958557F}.Debug|x64.ActiveCfg = Debug|Any CPU
		{85568EA7-EE0F-43DD-AE10-1ED05958557F}.Debug|x64.Build.0 = Debug|Any CPU
		{85568EA7-EE0F-43DD-AE10-1ED05958557F}.Debug|x86.ActiveCfg = Debug|Any CPU
		{85568EA7-EE0F-43DD-AE10-1ED05958557F}.Debug|x86.Build.0 = Debug|Any CPU
		{85568EA7-EE0F-43DD-AE10-1ED05958557F}.Release|Any CPU.ActiveCfg = Release|Any CPU
		{85568EA7-EE0F-43DD-AE10-1ED05958557F}.Release|Any CPU.Build.0 = Release|Any CPU
		{85568EA7-EE0F-43DD-AE10-1ED05958557F}.Release|x64.ActiveCfg = Release|Any CPU
		{85568EA7-EE0F-43DD-AE10-1ED05958557F}.Release|x64.Build.0 = Release|Any CPU
		{85568EA7-EE0F-43DD-AE10-1ED05958557F}.Release|x86.ActiveCfg = Release|Any CPU
		{85568EA7-EE0F-43DD-AE10-1ED05958557F}.Release|x86.Build.0 = Release|Any CPU
		{A26C7FF2-7890-4ED3-B035-59F4FF0D027F}.Debug|Any CPU.ActiveCfg = Debug|Any CPU
		{A26C7FF2-7890-4ED3-B035-59F4FF0D027F}.Debug|Any CPU.Build.0 = Debug|Any CPU
		{A26C7FF2-7890-4ED3-B035-59F4FF0D027F}.Debug|x64.ActiveCfg = Debug|Any CPU
		{A26C7FF2-7890-4ED3-B035-59F4FF0D027F}.Debug|x64.Build.0 = Debug|Any CPU
		{A26C7FF2-7890-4ED3-B035-59F4FF0D027F}.Debug|x86.ActiveCfg = Debug|Any CPU
		{A26C7FF2-7890-4ED3-B035-59F4FF0D027F}.Debug|x86.Build.0 = Debug|Any CPU
		{A26C7FF2-7890-4ED3-B035-59F4FF0D027F}.Release|Any CPU.ActiveCfg = Release|Any CPU
		{A26C7FF2-7890-4ED3-B035-59F4FF0D027F}.Release|Any CPU.Build.0 = Release|Any CPU
		{A26C7FF2-7890-4ED3-B035-59F4FF0D027F}.Release|x64.ActiveCfg = Release|Any CPU
		{A26C7FF2-7890-4ED3-B035-59F4FF0D027F}.Release|x64.Build.0 = Release|Any CPU
		{A26C7FF2-7890-4ED3-B035-59F4FF0D027F}.Release|x86.ActiveCfg = Release|Any CPU
		{A26C7FF2-7890-4ED3-B035-59F4FF0D027F}.Release|x86.Build.0 = Release|Any CPU
		{23924146-47AC-4193-8EB0-7E8C2D8969E6}.Debug|Any CPU.ActiveCfg = Debug|Any CPU
		{23924146-47AC-4193-8EB0-7E8C2D8969E6}.Debug|Any CPU.Build.0 = Debug|Any CPU
		{23924146-47AC-4193-8EB0-7E8C2D8969E6}.Debug|x64.ActiveCfg = Debug|Any CPU
		{23924146-47AC-4193-8EB0-7E8C2D8969E6}.Debug|x64.Build.0 = Debug|Any CPU
		{23924146-47AC-4193-8EB0-7E8C2D8969E6}.Debug|x86.ActiveCfg = Debug|Any CPU
		{23924146-47AC-4193-8EB0-7E8C2D8969E6}.Debug|x86.Build.0 = Debug|Any CPU
		{23924146-47AC-4193-8EB0-7E8C2D8969E6}.Release|Any CPU.ActiveCfg = Release|Any CPU
		{23924146-47AC-4193-8EB0-7E8C2D8969E6}.Release|Any CPU.Build.0 = Release|Any CPU
		{23924146-47AC-4193-8EB0-7E8C2D8969E6}.Release|x64.ActiveCfg = Release|Any CPU
		{23924146-47AC-4193-8EB0-7E8C2D8969E6}.Release|x64.Build.0 = Release|Any CPU
		{23924146-47AC-4193-8EB0-7E8C2D8969E6}.Release|x86.ActiveCfg = Release|Any CPU
		{23924146-47AC-4193-8EB0-7E8C2D8969E6}.Release|x86.Build.0 = Release|Any CPU
	EndGlobalSection
	GlobalSection(SolutionProperties) = preSolution
		HideSolutionNode = FALSE
	EndGlobalSection
	GlobalSection(NestedProjects) = preSolution
		{568ADE7E-008F-4971-BED0-E4F21159B517} = {827E0CD3-B72D-47B6-A68D-7590B98EB39B}
		{FC2E38EC-667F-4B56-B971-9F43E22C093A} = {827E0CD3-B72D-47B6-A68D-7590B98EB39B}
		{C9EC245B-E1F9-49FB-BC1C-5212575D02C5} = {827E0CD3-B72D-47B6-A68D-7590B98EB39B}
		{EF5F3A66-0B73-446D-A868-EDFF9E58DDB6} = {827E0CD3-B72D-47B6-A68D-7590B98EB39B}
		{85568EA7-EE0F-43DD-AE10-1ED05958557F} = {827E0CD3-B72D-47B6-A68D-7590B98EB39B}
		{A26C7FF2-7890-4ED3-B035-59F4FF0D027F} = {0AB3BF05-4346-4AA6-1389-037BE0695223}
		{23924146-47AC-4193-8EB0-7E8C2D8969E6} = {0AB3BF05-4346-4AA6-1389-037BE0695223}
	EndGlobalSection
EndGlobal
